
Microsoft Visual Studio Solution File, Format Version 12.00
# Visual Studio 15
VisualStudioVersion = 15.0.26124.0
MinimumVisualStudioVersion = 15.0.26124.0
Project("{FAE04EC0-301F-11D3-BF4B-00C04F79EFBC}") = "Domain", "Domain\Domain.csproj", "{715FFD25-0047-46DA-B742-ABD97A789A4B}"
EndProject
Project("{FAE04EC0-301F-11D3-BF4B-00C04F79EFBC}") = "Application", "Application\Application.csproj", "{B8B18237-1068-4BCC-81E7-B3A29075A7A9}"
EndProject
Project("{FAE04EC0-301F-11D3-BF4B-00C04F79EFBC}") = "Persistence", "Persistence\Persistence.csproj", "{7D53721D-9B20-4491-AAC9-DB9A62C666AD}"
EndProject
Project("{FAE04EC0-301F-11D3-BF4B-00C04F79EFBC}") = "API", "API\API.csproj", "{3CCB9C3D-EB11-4BFD-865B-DBCA791A17F2}"
EndProject
Global
	GlobalSection(SolutionConfigurationPlatforms) = preSolution
		Debug|Any CPU = Debug|Any CPU
		Debug|x64 = Debug|x64
		Debug|x86 = Debug|x86
		Release|Any CPU = Release|Any CPU
		Release|x64 = Release|x64
		Release|x86 = Release|x86
	EndGlobalSection
	GlobalSection(SolutionProperties) = preSolution
		HideSolutionNode = FALSE
	EndGlobalSection
	GlobalSection(ProjectConfigurationPlatforms) = postSolution
		{715FFD25-0047-46DA-B742-ABD97A789A4B}.Debug|Any CPU.ActiveCfg = Debug|Any CPU
		{715FFD25-0047-46DA-B742-ABD97A789A4B}.Debug|Any CPU.Build.0 = Debug|Any CPU
		{715FFD25-0047-46DA-B742-ABD97A789A4B}.Debug|x64.ActiveCfg = Debug|Any CPU
		{715FFD25-0047-46DA-B742-ABD97A789A4B}.Debug|x64.Build.0 = Debug|Any CPU
		{715FFD25-0047-46DA-B742-ABD97A789A4B}.Debug|x86.ActiveCfg = Debug|Any CPU
		{715FFD25-0047-46DA-B742-ABD97A789A4B}.Debug|x86.Build.0 = Debug|Any CPU
		{715FFD25-0047-46DA-B742-ABD97A789A4B}.Release|Any CPU.ActiveCfg = Release|Any CPU
		{715FFD25-0047-46DA-B742-ABD97A789A4B}.Release|Any CPU.Build.0 = Release|Any CPU
		{715FFD25-0047-46DA-B742-ABD97A789A4B}.Release|x64.ActiveCfg = Release|Any CPU
		{715FFD25-0047-46DA-B742-ABD97A789A4B}.Release|x64.Build.0 = Release|Any CPU
		{715FFD25-0047-46DA-B742-ABD97A789A4B}.Release|x86.ActiveCfg = Release|Any CPU
		{715FFD25-0047-46DA-B742-ABD97A789A4B}.Release|x86.Build.0 = Release|Any CPU
		{B8B18237-1068-4BCC-81E7-B3A29075A7A9}.Debug|Any CPU.ActiveCfg = Debug|Any CPU
		{B8B18237-1068-4BCC-81E7-B3A29075A7A9}.Debug|Any CPU.Build.0 = Debug|Any CPU
		{B8B18237-1068-4BCC-81E7-B3A29075A7A9}.Debug|x64.ActiveCfg = Debug|Any CPU
		{B8B18237-1068-4BCC-81E7-B3A29075A7A9}.Debug|x64.Build.0 = Debug|Any CPU
		{B8B18237-1068-4BCC-81E7-B3A29075A7A9}.Debug|x86.ActiveCfg = Debug|Any CPU
		{B8B18237-1068-4BCC-81E7-B3A29075A7A9}.Debug|x86.Build.0 = Debug|Any CPU
		{B8B18237-1068-4BCC-81E7-B3A29075A7A9}.Release|Any CPU.ActiveCfg = Release|Any CPU
		{B8B18237-1068-4BCC-81E7-B3A29075A7A9}.Release|Any CPU.Build.0 = Release|Any CPU
		{B8B18237-1068-4BCC-81E7-B3A29075A7A9}.Release|x64.ActiveCfg = Release|Any CPU
		{B8B18237-1068-4BCC-81E7-B3A29075A7A9}.Release|x64.Build.0 = Release|Any CPU
		{B8B18237-1068-4BCC-81E7-B3A29075A7A9}.Release|x86.ActiveCfg = Release|Any CPU
		{B8B18237-1068-4BCC-81E7-B3A29075A7A9}.Release|x86.Build.0 = Release|Any CPU
		{7D53721D-9B20-4491-AAC9-DB9A62C666AD}.Debug|Any CPU.ActiveCfg = Debug|Any CPU
		{7D53721D-9B20-4491-AAC9-DB9A62C666AD}.Debug|Any CPU.Build.0 = Debug|Any CPU
		{7D53721D-9B20-4491-AAC9-DB9A62C666AD}.Debug|x64.ActiveCfg = Debug|Any CPU
		{7D53721D-9B20-4491-AAC9-DB9A62C666AD}.Debug|x64.Build.0 = Debug|Any CPU
		{7D53721D-9B20-4491-AAC9-DB9A62C666AD}.Debug|x86.ActiveCfg = Debug|Any CPU
		{7D53721D-9B20-4491-AAC9-DB9A62C666AD}.Debug|x86.Build.0 = Debug|Any CPU
		{7D53721D-9B20-4491-AAC9-DB9A62C666AD}.Release|Any CPU.ActiveCfg = Release|Any CPU
		{7D53721D-9B20-4491-AAC9-DB9A62C666AD}.Release|Any CPU.Build.0 = Release|Any CPU
		{7D53721D-9B20-4491-AAC9-DB9A62C666AD}.Release|x64.ActiveCfg = Release|Any CPU
		{7D53721D-9B20-4491-AAC9-DB9A62C666AD}.Release|x64.Build.0 = Release|Any CPU
		{7D53721D-9B20-4491-AAC9-DB9A62C666AD}.Release|x86.ActiveCfg = Release|Any CPU
		{7D53721D-9B20-4491-AAC9-DB9A62C666AD}.Release|x86.Build.0 = Release|Any CPU
		{3CCB9C3D-EB11-4BFD-865B-DBCA791A17F2}.Debug|Any CPU.ActiveCfg = Debug|Any CPU
		{3CCB9C3D-EB11-4BFD-865B-DBCA791A17F2}.Debug|Any CPU.Build.0 = Debug|Any CPU
		{3CCB9C3D-EB11-4BFD-865B-DBCA791A17F2}.Debug|x64.ActiveCfg = Debug|Any CPU
		{3CCB9C3D-EB11-4BFD-865B-DBCA791A17F2}.Debug|x64.Build.0 = Debug|Any CPU
		{3CCB9C3D-EB11-4BFD-865B-DBCA791A17F2}.Debug|x86.ActiveCfg = Debug|Any CPU
		{3CCB9C3D-EB11-4BFD-865B-DBCA791A17F2}.Debug|x86.Build.0 = Debug|Any CPU
		{3CCB9C3D-EB11-4BFD-865B-DBCA791A17F2}.Release|Any CPU.ActiveCfg = Release|Any CPU
		{3CCB9C3D-EB11-4BFD-865B-DBCA791A17F2}.Release|Any CPU.Build.0 = Release|Any CPU
		{3CCB9C3D-EB11-4BFD-865B-DBCA791A17F2}.Release|x64.ActiveCfg = Release|Any CPU
		{3CCB9C3D-EB11-4BFD-865B-DBCA791A17F2}.Release|x64.Build.0 = Release|Any CPU
		{3CCB9C3D-EB11-4BFD-865B-DBCA791A17F2}.Release|x86.ActiveCfg = Release|Any CPU
		{3CCB9C3D-EB11-4BFD-865B-DBCA791A17F2}.Release|x86.Build.0 = Release|Any CPU
	EndGlobalSection
EndGlobal
